
Microsoft Visual Studio Solution File, Format Version 12.00
# Visual Studio Version 17
VisualStudioVersion = 17.4.33213.308
MinimumVisualStudioVersion = 10.0.40219.1
Project("{9A19103F-16F7-4668-BE54-9A1E7A4F7556}") = "Scanner", "Scanner\Scanner.csproj", "{88128A94-D02B-4A17-888E-222C96535DDD}"
EndProject
Global
	GlobalSection(SolutionConfigurationPlatforms) = preSolution
		Debug|Any CPU = Debug|Any CPU
		Release|Any CPU = Release|Any CPU
	EndGlobalSection
	GlobalSection(ProjectConfigurationPlatforms) = postSolution
		{88128A94-D02B-4A17-888E-222C96535DDD}.Debug|Any CPU.ActiveCfg = Debug|Any CPU
		{88128A94-D02B-4A17-888E-222C96535DDD}.Debug|Any CPU.Build.0 = Debug|Any CPU
		{88128A94-D02B-4A17-888E-222C96535DDD}.Release|Any CPU.ActiveCfg = Release|Any CPU
		{88128A94-D02B-4A17-888E-222C96535DDD}.Release|Any CPU.Build.0 = Release|Any CPU
	EndGlobalSection
	GlobalSection(SolutionProperties) = preSolution
		HideSolutionNode = FALSE
	EndGlobalSection
	GlobalSection(ExtensibilityGlobals) = postSolution
		SolutionGuid = {6E9C6F8D-7022-4BE9-BF9B-0A5B6DB80B60}
	EndGlobalSection
EndGlobal
